
Microsoft Visual Studio Solution File, Format Version 12.00
# Visual Studio Version 16
VisualStudioVersion = 16.0.30406.217
MinimumVisualStudioVersion = 10.0.40219.1
Project("{FAE04EC0-301F-11D3-BF4B-00C04F79EFBC}") = "CSharp_functions", "CSharp_functions\CSharp_functions.csproj", "{B8C71176-5A35-44FC-8669-2C96D403199F}"
EndProject
Global
	GlobalSection(SolutionConfigurationPlatforms) = preSolution
		Debug|Any CPU = Debug|Any CPU
		Release|Any CPU = Release|Any CPU
	EndGlobalSection
	GlobalSection(ProjectConfigurationPlatforms) = postSolution
		{B8C71176-5A35-44FC-8669-2C96D403199F}.Debug|Any CPU.ActiveCfg = Debug|Any CPU
		{B8C71176-5A35-44FC-8669-2C96D403199F}.Debug|Any CPU.Build.0 = Debug|Any CPU
		{B8C71176-5A35-44FC-8669-2C96D403199F}.Release|Any CPU.ActiveCfg = Release|Any CPU
		{B8C71176-5A35-44FC-8669-2C96D403199F}.Release|Any CPU.Build.0 = Release|Any CPU
	EndGlobalSection
	GlobalSection(SolutionProperties) = preSolution
		HideSolutionNode = FALSE
	EndGlobalSection
	GlobalSection(ExtensibilityGlobals) = postSolution
		SolutionGuid = {A6E519E9-2410-41B1-985D-D24273056E8C}
	EndGlobalSection
EndGlobal
